# @generated by Move, please check-in and do not edit manually.

[move]
version = 2
manifest_digest = "52AA15EC17842AED6878F12DD872AB0A5CFFA85BD8AE6727CD016C1CDB971B62"
deps_digest = "F8BBB0CCB2491CA29A3DF03D6F92277A4F3574266507ACD77214D37ECA3F3082"
dependencies = [
  { name = "Sui" },
]

[[move.package]]
name = "MoveStdlib"
source = { git = "https://github.com/MystenLabs/sui.git", rev = "framework/testnet", subdir = "crates/sui-framework/packages/move-stdlib" }

[[move.package]]
name = "Sui"
source = { git = "https://github.com/MystenLabs/sui.git", rev = "framework/testnet", subdir = "crates/sui-framework/packages/sui-framework" }

dependencies = [
  { name = "MoveStdlib" },
]

[move.toolchain-version]
compiler-version = "1.31.1"
edition = "2024.beta"
flavor = "sui"

[env]

[env.testnet]
chain-id = "4c78adac"
original-published-id = "0x6944f223441393181a55bff886e2de79cfd2be384ef0972db7b69a5d538bee33"
latest-published-id = "0x6944f223441393181a55bff886e2de79cfd2be384ef0972db7b69a5d538bee33"
published-version = "1"
